
Microsoft Visual Studio Solution File, Format Version 12.00
# Visual Studio Version 17
VisualStudioVersion = 17.0.31919.166
MinimumVisualStudioVersion = 10.0.40219.1
Project("{FAE04EC0-301F-11D3-BF4B-00C04F79EFBC}") = "Reversi", "Reversi\Reversi.csproj", "{14AD3711-C307-44EF-BD0A-E0ED72322F95}"
EndProject
Global
	GlobalSection(SolutionConfigurationPlatforms) = preSolution
		Debug|Any CPU = Debug|Any CPU
		Release|Any CPU = Release|Any CPU
	EndGlobalSection
	GlobalSection(ProjectConfigurationPlatforms) = postSolution
		{14AD3711-C307-44EF-BD0A-E0ED72322F95}.Debug|Any CPU.ActiveCfg = Debug|Any CPU
		{14AD3711-C307-44EF-BD0A-E0ED72322F95}.Debug|Any CPU.Build.0 = Debug|Any CPU
		{14AD3711-C307-44EF-BD0A-E0ED72322F95}.Release|Any CPU.ActiveCfg = Release|Any CPU
		{14AD3711-C307-44EF-BD0A-E0ED72322F95}.Release|Any CPU.Build.0 = Release|Any CPU
	EndGlobalSection
	GlobalSection(SolutionProperties) = preSolution
		HideSolutionNode = FALSE
	EndGlobalSection
	GlobalSection(ExtensibilityGlobals) = postSolution
		SolutionGuid = {AF93675B-371E-42BF-8345-F68102CB0E47}
	EndGlobalSection
EndGlobal
